
Microsoft Visual Studio Solution File, Format Version 12.00
# Visual Studio Version 17
VisualStudioVersion = 17.11.35222.181
MinimumVisualStudioVersion = 10.0.40219.1
Project("{FAE04EC0-301F-11D3-BF4B-00C04F79EFBC}") = "ConsoleAppGitHub1", "ConsoleAppGitHub1\ConsoleAppGitHub1.csproj", "{CCE955E0-455B-49E2-AB37-503485EC1FDE}"
EndProject
Global
	GlobalSection(SolutionConfigurationPlatforms) = preSolution
		Debug|Any CPU = Debug|Any CPU
		Release|Any CPU = Release|Any CPU
	EndGlobalSection
	GlobalSection(ProjectConfigurationPlatforms) = postSolution
		{CCE955E0-455B-49E2-AB37-503485EC1FDE}.Debug|Any CPU.ActiveCfg = Debug|Any CPU
		{CCE955E0-455B-49E2-AB37-503485EC1FDE}.Debug|Any CPU.Build.0 = Debug|Any CPU
		{CCE955E0-455B-49E2-AB37-503485EC1FDE}.Release|Any CPU.ActiveCfg = Release|Any CPU
		{CCE955E0-455B-49E2-AB37-503485EC1FDE}.Release|Any CPU.Build.0 = Release|Any CPU
	EndGlobalSection
	GlobalSection(SolutionProperties) = preSolution
		HideSolutionNode = FALSE
	EndGlobalSection
	GlobalSection(ExtensibilityGlobals) = postSolution
		SolutionGuid = {14D27B1F-32CA-424F-BB0F-E3456E9AE6E6}
	EndGlobalSection
EndGlobal
